// !$*UTF8*$!
{
	archiveVersion = 1;
	classes = {
	};
	objectVersion = 46;
	objects = {

/* Begin PBXBuildFile section */
		168A8B3B1C448BC100FA9904 /* AppDelegate.swift in Sources */ = {isa = PBXBuildFile; fileRef = 168A8B3A1C448BC100FA9904 /* AppDelegate.swift */; };
		168A8B3D1C448BC100FA9904 /* ViewController.swift in Sources */ = {isa = PBXBuildFile; fileRef = 168A8B3C1C448BC100FA9904 /* ViewController.swift */; };
		168A8B401C448BC100FA9904 /* Main.storyboard in Resources */ = {isa = PBXBuildFile; fileRef = 168A8B3E1C448BC100FA9904 /* Main.storyboard */; };
		168A8B431C448BC100FA9904 /* TableViewDemo.xcdatamodeld in Sources */ = {isa = PBXBuildFile; fileRef = 168A8B411C448BC100FA9904 /* TableViewDemo.xcdatamodeld */; };
		168A8B451C448BC100FA9904 /* Assets.xcassets in Resources */ = {isa = PBXBuildFile; fileRef = 168A8B441C448BC100FA9904 /* Assets.xcassets */; };
		168A8B481C448BC100FA9904 /* LaunchScreen.storyboard in Resources */ = {isa = PBXBuildFile; fileRef = 168A8B461C448BC100FA9904 /* LaunchScreen.storyboard */; };
		168A8B531C448BC100FA9904 /* TableViewDemoTests.swift in Sources */ = {isa = PBXBuildFile; fileRef = 168A8B521C448BC100FA9904 /* TableViewDemoTests.swift */; };
		168A8B5E1C448BC200FA9904 /* TableViewDemoUITests.swift in Sources */ = {isa = PBXBuildFile; fileRef = 168A8B5D1C448BC200FA9904 /* TableViewDemoUITests.swift */; };
		168A8B6C1C448CCE00FA9904 /* FoodTableViewController.swift in Sources */ = {isa = PBXBuildFile; fileRef = 168A8B6B1C448CCE00FA9904 /* FoodTableViewController.swift */; };
		168A8B6E1C4491EC00FA9904 /* FoodTableViewCell.swift in Sources */ = {isa = PBXBuildFile; fileRef = 168A8B6D1C4491EC00FA9904 /* FoodTableViewCell.swift */; };
/* End PBXBuildFile section */

/* Begin PBXContainerItemProxy section */
		168A8B4F1C448BC100FA9904 /* PBXContainerItemProxy */ = {
			isa = PBXContainerItemProxy;
			containerPortal = 168A8B2F1C448BC100FA9904 /* Project object */;
			proxyType = 1;
			remoteGlobalIDString = 168A8B361C448BC100FA9904;
			remoteInfo = TableViewDemo;
		};
		168A8B5A1C448BC100FA9904 /* PBXContainerItemProxy */ = {
			isa = PBXContainerItemProxy;
			containerPortal = 168A8B2F1C448BC100FA9904 /* Project object */;
			proxyType = 1;
			remoteGlobalIDString = 168A8B361C448BC100FA9904;
			remoteInfo = TableViewDemo;
		};
/* End PBXContainerItemProxy section */

/* Begin PBXFileReference section */
		168A8B371C448BC100FA9904 /* TableViewDemo.app */ = {isa = PBXFileReference; explicitFileType = wrapper.application; includeInIndex = 0; path = TableViewDemo.app; sourceTree = BUILT_PRODUCTS_DIR; };
		168A8B3A1C448BC100FA9904 /* AppDelegate.swift */ = {isa = PBXFileReference; lastKnownFileType = sourcecode.swift; path = AppDelegate.swift; sourceTree = "<group>"; };
		168A8B3C1C448BC100FA9904 /* ViewController.swift */ = {isa = PBXFileReference; lastKnownFileType = sourcecode.swift; path = ViewController.swift; sourceTree = "<group>"; };
		168A8B3F1C448BC100FA9904 /* Base */ = {isa = PBXFileReference; lastKnownFileType = file.storyboard; name = Base; path = Base.lproj/Main.storyboard; sourceTree = "<group>"; };
		168A8B421C448BC100FA9904 /* TableViewDemo.xcdatamodel */ = {isa = PBXFileReference; lastKnownFileType = wrapper.xcdatamodel; path = TableViewDemo.xcdatamodel; sourceTree = "<group>"; };
		168A8B441C448BC100FA9904 /* Assets.xcassets */ = {isa = PBXFileReference; lastKnownFileType = folder.assetcatalog; path = Assets.xcassets; sourceTree = "<group>"; };
		168A8B471C448BC100FA9904 /* Base */ = {isa = PBXFileReference; lastKnownFileType = file.storyboard; name = Base; path = Base.lproj/LaunchScreen.storyboard; sourceTree = "<group>"; };
		168A8B491C448BC100FA9904 /* Info.plist */ = {isa = PBXFileReference; lastKnownFileType = text.plist.xml; path = Info.plist; sourceTree = "<group>"; };
		168A8B4E1C448BC100FA9904 /* TableViewDemoTests.xctest */ = {isa = PBXFileReference; explicitFileType = wrapper.cfbundle; includeInIndex = 0; path = TableViewDemoTests.xctest; sourceTree = BUILT_PRODUCTS_DIR; };
		168A8B521C448BC100FA9904 /* TableViewDemoTests.swift */ = {isa = PBXFileReference; lastKnownFileType = sourcecode.swift; path = TableViewDemoTests.swift; sourceTree = "<group>"; };
		168A8B541C448BC100FA9904 /* Info.plist */ = {isa = PBXFileReference; lastKnownFileType = text.plist.xml; path = Info.plist; sourceTree = "<group>"; };
		168A8B591C448BC100FA9904 /* TableViewDemoUITests.xctest */ = {isa = PBXFileReference; explicitFileType = wrapper.cfbundle; includeInIndex = 0; path = TableViewDemoUITests.xctest; sourceTree = BUILT_PRODUCTS_DIR; };
		168A8B5D1C448BC200FA9904 /* TableViewDemoUITests.swift */ = {isa = PBXFileReference; lastKnownFileType = sourcecode.swift; path = TableViewDemoUITests.swift; sourceTree = "<group>"; };
		168A8B5F1C448BC200FA9904 /* Info.plist */ = {isa = PBXFileReference; lastKnownFileType = text.plist.xml; path = Info.plist; sourceTree = "<group>"; };
		168A8B6B1C448CCE00FA9904 /* FoodTableViewController.swift */ = {isa = PBXFileReference; fileEncoding = 4; lastKnownFileType = sourcecode.swift; path = FoodTableViewController.swift; sourceTree = "<group>"; };
		168A8B6D1C4491EC00FA9904 /* FoodTableViewCell.swift */ = {isa = PBXFileReference; fileEncoding = 4; lastKnownFileType = sourcecode.swift; path = FoodTableViewCell.swift; sourceTree = "<group>"; };
/* End PBXFileReference section */

/* Begin PBXFrameworksBuildPhase section */
		168A8B341C448BC100FA9904 /* Frameworks */ = {
			isa = PBXFrameworksBuildPhase;
			buildActionMask = 2147483647;
			files = (
			);
			runOnlyForDeploymentPostprocessing = 0;
		};
		168A8B4B1C448BC100FA9904 /* Frameworks */ = {
			isa = PBXFrameworksBuildPhase;
			buildActionMask = 2147483647;
			files = (
			);
			runOnlyForDeploymentPostprocessing = 0;
		};
		168A8B561C448BC100FA9904 /* Frameworks */ = {
			isa = PBXFrameworksBuildPhase;
			buildActionMask = 2147483647;
			files = (
			);
			runOnlyForDeploymentPostprocessing = 0;
		};
/* End PBXFrameworksBuildPhase section */

/* Begin PBXGroup section */
		168A8B2E1C448BC100FA9904 = {
			isa = PBXGroup;
			children = (
				168A8B391C448BC100FA9904 /* TableViewDemo */,
				168A8B511C448BC100FA9904 /* TableViewDemoTests */,
				168A8B5C1C448BC200FA9904 /* TableViewDemoUITests */,
				168A8B381C448BC100FA9904 /* Products */,
			);
			sourceTree = "<group>";
		};
		168A8B381C448BC100FA9904 /* Products */ = {
			isa = PBXGroup;
			children = (
				168A8B371C448BC100FA9904 /* TableViewDemo.app */,
				168A8B4E1C448BC100FA9904 /* TableViewDemoTests.xctest */,
				168A8B591C448BC100FA9904 /* TableViewDemoUITests.xctest */,
			);
			name = Products;
			sourceTree = "<group>";
		};
		168A8B391C448BC100FA9904 /* TableViewDemo */ = {
			isa = PBXGroup;
			children = (
				168A8B3A1C448BC100FA9904 /* AppDelegate.swift */,
				168A8B3C1C448BC100FA9904 /* ViewController.swift */,
				168A8B3E1C448BC100FA9904 /* Main.storyboard */,
				168A8B6D1C4491EC00FA9904 /* FoodTableViewCell.swift */,
				168A8B6B1C448CCE00FA9904 /* FoodTableViewController.swift */,
				168A8B441C448BC100FA9904 /* Assets.xcassets */,
				168A8B461C448BC100FA9904 /* LaunchScreen.storyboard */,
				168A8B491C448BC100FA9904 /* Info.plist */,
				168A8B411C448BC100FA9904 /* TableViewDemo.xcdatamodeld */,
			);
			path = TableViewDemo;
			sourceTree = "<group>";
		};
		168A8B511C448BC100FA9904 /* TableViewDemoTests */ = {
			isa = PBXGroup;
			children = (
				168A8B521C448BC100FA9904 /* TableViewDemoTests.swift */,
				168A8B541C448BC100FA9904 /* Info.plist */,
			);
			path = TableViewDemoTests;
			sourceTree = "<group>";
		};
		168A8B5C1C448BC200FA9904 /* TableViewDemoUITests */ = {
			isa = PBXGroup;
			children = (
				168A8B5D1C448BC200FA9904 /* TableViewDemoUITests.swift */,
				168A8B5F1C448BC200FA9904 /* Info.plist */,
			);
			path = TableViewDemoUITests;
			sourceTree = "<group>";
		};
/* End PBXGroup section */

/* Begin PBXNativeTarget section */
		168A8B361C448BC100FA9904 /* TableViewDemo */ = {
			isa = PBXNativeTarget;
			buildConfigurationList = 168A8B621C448BC200FA9904 /* Build configuration list for PBXNativeTarget "TableViewDemo" */;
			buildPhases = (
				168A8B331C448BC100FA9904 /* Sources */,
				168A8B341C448BC100FA9904 /* Frameworks */,
				168A8B351C448BC100FA9904 /* Resources */,
			);
			buildRules = (
			);
			dependencies = (
			);
			name = TableViewDemo;
			productName = TableViewDemo;
			productReference = 168A8B371C448BC100FA9904 /* TableViewDemo.app */;
			productType = "com.apple.product-type.application";
		};
		168A8B4D1C448BC100FA9904 /* TableViewDemoTests */ = {
			isa = PBXNativeTarget;
			buildConfigurationList = 168A8B651C448BC200FA9904 /* Build configuration list for PBXNativeTarget "TableViewDemoTests" */;
			buildPhases = (
				168A8B4A1C448BC100FA9904 /* Sources */,
				168A8B4B1C448BC100FA9904 /* Frameworks */,
				168A8B4C1C448BC100FA9904 /* Resources */,
			);
			buildRules = (
			);
			dependencies = (
				168A8B501C448BC100FA9904 /* PBXTargetDependency */,
			);
			name = TableViewDemoTests;
			productName = TableViewDemoTests;
			productReference = 168A8B4E1C448BC100FA9904 /* TableViewDemoTests.xctest */;
			productType = "com.apple.product-type.bundle.unit-test";
		};
		168A8B581C448BC100FA9904 /* TableViewDemoUITests */ = {
			isa = PBXNativeTarget;
			buildConfigurationList = 168A8B681C448BC200FA9904 /* Build configuration list for PBXNativeTarget "TableViewDemoUITests" */;
			buildPhases = (
				168A8B551C448BC100FA9904 /* Sources */,
				168A8B561C448BC100FA9904 /* Frameworks */,
				168A8B571C448BC100FA9904 /* Resources */,
			);
			buildRules = (
			);
			dependencies = (
				168A8B5B1C448BC100FA9904 /* PBXTargetDependency */,
			);
			name = TableViewDemoUITests;
			productName = TableViewDemoUITests;
			productReference = 168A8B591C448BC100FA9904 /* TableViewDemoUITests.xctest */;
			productType = "com.apple.product-type.bundle.ui-testing";
		};
/* End PBXNativeTarget section */

/* Begin PBXProject section */
		168A8B2F1C448BC100FA9904 /* Project object */ = {
			isa = PBXProject;
			attributes = {
				LastSwiftUpdateCheck = 0720;
				LastUpgradeCheck = 0720;
				ORGANIZATIONNAME = "Akkshay Khoslaa";
				TargetAttributes = {
					168A8B361C448BC100FA9904 = {
						CreatedOnToolsVersion = 7.2;
					};
					168A8B4D1C448BC100FA9904 = {
						CreatedOnToolsVersion = 7.2;
						TestTargetID = 168A8B361C448BC100FA9904;
					};
					168A8B581C448BC100FA9904 = {
						CreatedOnToolsVersion = 7.2;
						TestTargetID = 168A8B361C448BC100FA9904;
					};
				};
			};
			buildConfigurationList = 168A8B321C448BC100FA9904 /* Build configuration list for PBXProject "TableViewDemo" */;
			compatibilityVersion = "Xcode 3.2";
			developmentRegion = English;
			hasScannedForEncodings = 0;
			knownRegions = (
				en,
				Base,
			);
			mainGroup = 168A8B2E1C448BC100FA9904;
			productRefGroup = 168A8B381C448BC100FA9904 /* Products */;
			projectDirPath = "";
			projectRoot = "";
			targets = (
				168A8B361C448BC100FA9904 /* TableViewDemo */,
				168A8B4D1C448BC100FA9904 /* TableViewDemoTests */,
				168A8B581C448BC100FA9904 /* TableViewDemoUITests */,
			);
		};
/* End PBXProject section */

/* Begin PBXResourcesBuildPhase section */
		168A8B351C448BC100FA9904 /* Resources */ = {
			isa = PBXResourcesBuildPhase;
			buildActionMask = 2147483647;
			files = (
				168A8B481C448BC100FA9904 /* LaunchScreen.storyboard in Resources */,
				168A8B451C448BC100FA9904 /* Assets.xcassets in Resources */,
				168A8B401C448BC100FA9904 /* Main.storyboard in Resources */,
			);
			runOnlyForDeploymentPostprocessing = 0;
		};
		168A8B4C1C448BC100FA9904 /* Resources */ = {
			isa = PBXResourcesBuildPhase;
			buildActionMask = 2147483647;
			files = (
			);
			runOnlyForDeploymentPostprocessing = 0;
		};
		168A8B571C448BC100FA9904 /* Resources */ = {
			isa = PBXResourcesBuildPhase;
			buildActionMask = 2147483647;
			files = (
			);
			runOnlyForDeploymentPostprocessing = 0;
		};
/* End PBXResourcesBuildPhase section */

/* Begin PBXSourcesBuildPhase section */
		168A8B331C448BC100FA9904 /* Sources */ = {
			isa = PBXSourcesBuildPhase;
			buildActionMask = 2147483647;
			files = (
				168A8B3D1C448BC100FA9904 /* ViewController.swift in Sources */,
				168A8B431C448BC100FA9904 /* TableViewDemo.xcdatamodeld in Sources */,
				168A8B6E1C4491EC00FA9904 /* FoodTableViewCell.swift in Sources */,
				168A8B3B1C448BC100FA9904 /* AppDelegate.swift in Sources */,
				168A8B6C1C448CCE00FA9904 /* FoodTableViewController.swift in Sources */,
			);
			runOnlyForDeploymentPostprocessing = 0;
		};
		168A8B4A1C448BC100FA9904 /* Sources */ = {
			isa = PBXSourcesBuildPhase;
			buildActionMask = 2147483647;
			files = (
				168A8B531C448BC100FA9904 /* TableViewDemoTests.swift in Sources */,
			);
			runOnlyForDeploymentPostprocessing = 0;
		};
		168A8B551C448BC100FA9904 /* Sources */ = {
			isa = PBXSourcesBuildPhase;
			buildActionMask = 2147483647;
			files = (
				168A8B5E1C448BC200FA9904 /* TableViewDemoUITests.swift in Sources */,
			);
			runOnlyForDeploymentPostprocessing = 0;
		};
/* End PBXSourcesBuildPhase section */

/* Begin PBXTargetDependency section */
		168A8B501C448BC100FA9904 /* PBXTargetDependency */ = {
			isa = PBXTargetDependency;
			target = 168A8B361C448BC100FA9904 /* TableViewDemo */;
			targetProxy = 168A8B4F1C448BC100FA9904 /* PBXContainerItemProxy */;
		};
		168A8B5B1C448BC100FA9904 /* PBXTargetDependency */ = {
			isa = PBXTargetDependency;
			target = 168A8B361C448BC100FA9904 /* TableViewDemo */;
			targetProxy = 168A8B5A1C448BC100FA9904 /* PBXContainerItemProxy */;
		};
/* End PBXTargetDependency section */

/* Begin PBXVariantGroup section */
		168A8B3E1C448BC100FA9904 /* Main.storyboard */ = {
			isa = PBXVariantGroup;
			children = (
				168A8B3F1C448BC100FA9904 /* Base */,
			);
			name = Main.storyboard;
			sourceTree = "<group>";
		};
		168A8B461C448BC100FA9904 /* LaunchScreen.storyboard */ = {
			isa = PBXVariantGroup;
			children = (
				168A8B471C448BC100FA9904 /* Base */,
			);
			name = LaunchScreen.storyboard;
			sourceTree = "<group>";
		};
/* End PBXVariantGroup section */

/* Begin XCBuildConfiguration section */
		168A8B601C448BC200FA9904 /* Debug */ = {
			isa = XCBuildConfiguration;
			buildSettings = {
				ALWAYS_SEARCH_USER_PATHS = NO;
				CLANG_CXX_LANGUAGE_STANDARD = "gnu++0x";
				CLANG_CXX_LIBRARY = "libc++";
				CLANG_ENABLE_MODULES = YES;
				CLANG_ENABLE_OBJC_ARC = YES;
				CLANG_WARN_BOOL_CONVERSION = YES;
				CLANG_WARN_CONSTANT_CONVERSION = YES;
				CLANG_WARN_DIRECT_OBJC_ISA_USAGE = YES_ERROR;
				CLANG_WARN_EMPTY_BODY = YES;
				CLANG_WARN_ENUM_CONVERSION = YES;
				CLANG_WARN_INT_CONVERSION = YES;
				CLANG_WARN_OBJC_ROOT_CLASS = YES_ERROR;
				CLANG_WARN_UNREACHABLE_CODE = YES;
				CLANG_WARN__DUPLICATE_METHOD_MATCH = YES;
				"CODE_SIGN_IDENTITY[sdk=iphoneos*]" = "iPhone Developer";
				COPY_PHASE_STRIP = NO;
				DEBUG_INFORMATION_FORMAT = dwarf;
				ENABLE_STRICT_OBJC_MSGSEND = YES;
				ENABLE_TESTABILITY = YES;
				GCC_C_LANGUAGE_STANDARD = gnu99;
				GCC_DYNAMIC_NO_PIC = NO;
				GCC_NO_COMMON_BLOCKS = YES;
				GCC_OPTIMIZATION_LEVEL = 0;
				GCC_PREPROCESSOR_DEFINITIONS = (
					"DEBUG=1",
					"$(inherited)",
				);
				GCC_WARN_64_TO_32_BIT_CONVERSION = YES;
				GCC_WARN_ABOUT_RETURN_TYPE = YES_ERROR;
				GCC_WARN_UNDECLARED_SELECTOR = YES;
				GCC_WARN_UNINITIALIZED_AUTOS = YES_AGGRESSIVE;
				GCC_WARN_UNUSED_FUNCTION = YES;
				GCC_WARN_UNUSED_VARIABLE = YES;
				IPHONEOS_DEPLOYMENT_TARGET = 9.2;
				MTL_ENABLE_DEBUG_INFO = YES;
				ONLY_ACTIVE_ARCH = YES;
				SDKROOT = iphoneos;
				SWIFT_OPTIMIZATION_LEVEL = "-Onone";
				TARGETED_DEVICE_FAMILY = "1,2";
			};
			name = Debug;
		};
		168A8B611C448BC200FA9904 /* Release */ = {
			isa = XCBuildConfiguration;
			buildSettings = {
				ALWAYS_SEARCH_USER_PATHS = NO;
				CLANG_CXX_LANGUAGE_STANDARD = "gnu++0x";
				CLANG_CXX_LIBRARY = "libc++";
				CLANG_ENABLE_MODULES = YES;
				CLANG_ENABLE_OBJC_ARC = YES;
				CLANG_WARN_BOOL_CONVERSION = YES;
				CLANG_WARN_CONSTANT_CONVERSION = YES;
				CLANG_WARN_DIRECT_OBJC_ISA_USAGE = YES_ERROR;
				CLANG_WARN_EMPTY_BODY = YES;
				CLANG_WARN_ENUM_CONVERSION = YES;
				CLANG_WARN_INT_CONVERSION = YES;
				CLANG_WARN_OBJC_ROOT_CLASS = YES_ERROR;
				CLANG_WARN_UNREACHABLE_CODE = YES;
				CLANG_WARN__DUPLICATE_METHOD_MATCH = YES;
				"CODE_SIGN_IDENTITY[sdk=iphoneos*]" = "iPhone Developer";
				COPY_PHASE_STRIP = NO;
				DEBUG_INFORMATION_FORMAT = "dwarf-with-dsym";
				ENABLE_NS_ASSERTIONS = NO;
				ENABLE_STRICT_OBJC_MSGSEND = YES;
				GCC_C_LANGUAGE_STANDARD = gnu99;
				GCC_NO_COMMON_BLOCKS = YES;
				GCC_WARN_64_TO_32_BIT_CONVERSION = YES;
				GCC_WARN_ABOUT_RETURN_TYPE = YES_ERROR;
				GCC_WARN_UNDECLARED_SELECTOR = YES;
				GCC_WARN_UNINITIALIZED_AUTOS = YES_AGGRESSIVE;
				GCC_WARN_UNUSED_FUNCTION = YES;
				GCC_WARN_UNUSED_VARIABLE = YES;
				IPHONEOS_DEPLOYMENT_TARGET = 9.2;
				MTL_ENABLE_DEBUG_INFO = NO;
				SDKROOT = iphoneos;
				TARGETED_DEVICE_FAMILY = "1,2";
				VALIDATE_PRODUCT = YES;
			};
			name = Release;
		};
		168A8B631C448BC200FA9904 /* Debug */ = {
			isa = XCBuildConfiguration;
			buildSettings = {
				ASSETCATALOG_COMPILER_APPICON_NAME = AppIcon;
				INFOPLIST_FILE = TableViewDemo/Info.plist;
				LD_RUNPATH_SEARCH_PATHS = "$(inherited) @executable_path/Frameworks";
				PRODUCT_BUNDLE_IDENTIFIER = com.khoslaa.TableViewDemo;
				PRODUCT_NAME = "$(TARGET_NAME)";
			};
			name = Debug;
		};
		168A8B641C448BC200FA9904 /* Release */ = {
			isa = XCBuildConfiguration;
			buildSettings = {
				ASSETCATALOG_COMPILER_APPICON_NAME = AppIcon;
				INFOPLIST_FILE = TableViewDemo/Info.plist;
				LD_RUNPATH_SEARCH_PATHS = "$(inherited) @executable_path/Frameworks";
				PRODUCT_BUNDLE_IDENTIFIER = com.khoslaa.TableViewDemo;
				PRODUCT_NAME = "$(TARGET_NAME)";
			};
			name = Release;
		};
		168A8B661C448BC200FA9904 /* Debug */ = {
			isa = XCBuildConfiguration;
			buildSettings = {
				BUNDLE_LOADER = "$(TEST_HOST)";
				INFOPLIST_FILE = TableViewDemoTests/Info.plist;
				LD_RUNPATH_SEARCH_PATHS = "$(inherited) @executable_path/Frameworks @loader_path/Frameworks";
				PRODUCT_BUNDLE_IDENTIFIER = com.khoslaa.TableViewDemoTests;
				PRODUCT_NAME = "$(TARGET_NAME)";
				TEST_HOST = "$(BUILT_PRODUCTS_DIR)/TableViewDemo.app/TableViewDemo";
			};
			name = Debug;
		};
		168A8B671C448BC200FA9904 /* Release */ = {
			isa = XCBuildConfiguration;
			buildSettings = {
				BUNDLE_LOADER = "$(TEST_HOST)";
				INFOPLIST_FILE = TableViewDemoTests/Info.plist;
				LD_RUNPATH_SEARCH_PATHS = "$(inherited) @executable_path/Frameworks @loader_path/Frameworks";
				PRODUCT_BUNDLE_IDENTIFIER = com.khoslaa.TableViewDemoTests;
				PRODUCT_NAME = "$(TARGET_NAME)";
				TEST_HOST = "$(BUILT_PRODUCTS_DIR)/TableViewDemo.app/TableViewDemo";
			};
			name = Release;
		};
		168A8B691C448BC200FA9904 /* Debug */ = {
			isa = XCBuildConfiguration;
			buildSettings = {
				INFOPLIST_FILE = TableViewDemoUITests/Info.plist;
				LD_RUNPATH_SEARCH_PATHS = "$(inherited) @executable_path/Frameworks @loader_path/Frameworks";
				PRODUCT_BUNDLE_IDENTIFIER = com.khoslaa.TableViewDemoUITests;
				PRODUCT_NAME = "$(TARGET_NAME)";
				TEST_TARGET_NAME = TableViewDemo;
				USES_XCTRUNNER = YES;
			};
			name = Debug;
		};
		168A8B6A1C448BC200FA9904 /* Release */ = {
			isa = XCBuildConfiguration;
			buildSettings = {
				INFOPLIST_FILE = TableViewDemoUITests/Info.plist;
				LD_RUNPATH_SEARCH_PATHS = "$(inherited) @executable_path/Frameworks @loader_path/Frameworks";
				PRODUCT_BUNDLE_IDENTIFIER = com.khoslaa.TableViewDemoUITests;
				PRODUCT_NAME = "$(TARGET_NAME)";
				TEST_TARGET_NAME = TableViewDemo;
				USES_XCTRUNNER = YES;
			};
			name = Release;
		};
/* End XCBuildConfiguration section */

/* Begin XCConfigurationList section */
		168A8B321C448BC100FA9904 /* Build configuration list for PBXProject "TableViewDemo" */ = {
			isa = XCConfigurationList;
			buildConfigurations = (
				168A8B601C448BC200FA9904 /* Debug */,
				168A8B611C448BC200FA9904 /* Release */,
			);
			defaultConfigurationIsVisible = 0;
			defaultConfigurationName = Release;
		};
		168A8B621C448BC200FA9904 /* Build configuration list for PBXNativeTarget "TableViewDemo" */ = {
			isa = XCConfigurationList;
			buildConfigurations = (
				168A8B631C448BC200FA9904 /* Debug */,
				168A8B641C448BC200FA9904 /* Release */,
			);
			defaultConfigurationIsVisible = 0;
		};
		168A8B651C448BC200FA9904 /* Build configuration list for PBXNativeTarget "TableViewDemoTests" */ = {
			isa = XCConfigurationList;
			buildConfigurations = (
				168A8B661C448BC200FA9904 /* Debug */,
				168A8B671C448BC200FA9904 /* Release */,
			);
			defaultConfigurationIsVisible = 0;
		};
		168A8B681C448BC200FA9904 /* Build configuration list for PBXNativeTarget "TableViewDemoUITests" */ = {
			isa = XCConfigurationList;
			buildConfigurations = (
				168A8B691C448BC200FA9904 /* Debug */,
				168A8B6A1C448BC200FA9904 /* Release */,
			);
			defaultConfigurationIsVisible = 0;
		};
/* End XCConfigurationList section */

/* Begin XCVersionGroup section */
		168A8B411C448BC100FA9904 /* TableViewDemo.xcdatamodeld */ = {
			isa = XCVersionGroup;
			children = (
				168A8B421C448BC100FA9904 /* TableViewDemo.xcdatamodel */,
			);
			currentVersion = 168A8B421C448BC100FA9904 /* TableViewDemo.xcdatamodel */;
			path = TableViewDemo.xcdatamodeld;
			sourceTree = "<group>";
			versionGroupType = wrapper.xcdatamodel;
		};
/* End XCVersionGroup section */
	};
	rootObject = 168A8B2F1C448BC100FA9904 /* Project object */;
}
